
Microsoft Visual Studio Solution File, Format Version 12.00
# Visual Studio Version 16
VisualStudioVersion = 16.0.30002.166
MinimumVisualStudioVersion = 10.0.40219.1
Project("{9A19103F-16F7-4668-BE54-9A1E7A4F7556}") = "wangwelong.Console", "wangwelong.Console\wangwelong.Console.csproj", "{078EA8FA-B86B-4DED-AF3C-255804297FFC}"
EndProject
Project("{9A19103F-16F7-4668-BE54-9A1E7A4F7556}") = "wangwenlong.DAL", "wangwenlong.DAL\wangwenlong.DAL.csproj", "{275675E8-786C-4F40-A16D-C84CC9FC114C}"
EndProject
Project("{9A19103F-16F7-4668-BE54-9A1E7A4F7556}") = "wangwelong.BLL", "wangwelong.BLL\wangwelong.BLL.csproj", "{D822AE43-1656-4381-9D7F-ED5FB32BC0FC}"
EndProject
Project("{9A19103F-16F7-4668-BE54-9A1E7A4F7556}") = "wangwelong.Core", "wangwelong.Core\wangwelong.Core.csproj", "{20E4BF58-53D2-4E34-B620-E5B1EBDE9982}"
EndProject
Project("{9A19103F-16F7-4668-BE54-9A1E7A4F7556}") = "wangwenlong.Web", "wangwenlong.Web\wangwenlong.Web.csproj", "{1FAA7729-DBD5-4182-BE8B-FB3914731FAB}"
EndProject
Global
	GlobalSection(SolutionConfigurationPlatforms) = preSolution
		Debug|Any CPU = Debug|Any CPU
		Release|Any CPU = Release|Any CPU
	EndGlobalSection
	GlobalSection(ProjectConfigurationPlatforms) = postSolution
		{078EA8FA-B86B-4DED-AF3C-255804297FFC}.Debug|Any CPU.ActiveCfg = Debug|Any CPU
		{078EA8FA-B86B-4DED-AF3C-255804297FFC}.Debug|Any CPU.Build.0 = Debug|Any CPU
		{078EA8FA-B86B-4DED-AF3C-255804297FFC}.Release|Any CPU.ActiveCfg = Release|Any CPU
		{078EA8FA-B86B-4DED-AF3C-255804297FFC}.Release|Any CPU.Build.0 = Release|Any CPU
		{275675E8-786C-4F40-A16D-C84CC9FC114C}.Debug|Any CPU.ActiveCfg = Debug|Any CPU
		{275675E8-786C-4F40-A16D-C84CC9FC114C}.Debug|Any CPU.Build.0 = Debug|Any CPU
		{275675E8-786C-4F40-A16D-C84CC9FC114C}.Release|Any CPU.ActiveCfg = Release|Any CPU
		{275675E8-786C-4F40-A16D-C84CC9FC114C}.Release|Any CPU.Build.0 = Release|Any CPU
		{D822AE43-1656-4381-9D7F-ED5FB32BC0FC}.Debug|Any CPU.ActiveCfg = Debug|Any CPU
		{D822AE43-1656-4381-9D7F-ED5FB32BC0FC}.Debug|Any CPU.Build.0 = Debug|Any CPU
		{D822AE43-1656-4381-9D7F-ED5FB32BC0FC}.Release|Any CPU.ActiveCfg = Release|Any CPU
		{D822AE43-1656-4381-9D7F-ED5FB32BC0FC}.Release|Any CPU.Build.0 = Release|Any CPU
		{20E4BF58-53D2-4E34-B620-E5B1EBDE9982}.Debug|Any CPU.ActiveCfg = Debug|Any CPU
		{20E4BF58-53D2-4E34-B620-E5B1EBDE9982}.Debug|Any CPU.Build.0 = Debug|Any CPU
		{20E4BF58-53D2-4E34-B620-E5B1EBDE9982}.Release|Any CPU.ActiveCfg = Release|Any CPU
		{20E4BF58-53D2-4E34-B620-E5B1EBDE9982}.Release|Any CPU.Build.0 = Release|Any CPU
		{1FAA7729-DBD5-4182-BE8B-FB3914731FAB}.Debug|Any CPU.ActiveCfg = Debug|Any CPU
		{1FAA7729-DBD5-4182-BE8B-FB3914731FAB}.Debug|Any CPU.Build.0 = Debug|Any CPU
		{1FAA7729-DBD5-4182-BE8B-FB3914731FAB}.Release|Any CPU.ActiveCfg = Release|Any CPU
		{1FAA7729-DBD5-4182-BE8B-FB3914731FAB}.Release|Any CPU.Build.0 = Release|Any CPU
	EndGlobalSection
	GlobalSection(SolutionProperties) = preSolution
		HideSolutionNode = FALSE
	EndGlobalSection
	GlobalSection(ExtensibilityGlobals) = postSolution
		SolutionGuid = {8D50BE52-89BF-4062-9300-740037173A81}
	EndGlobalSection
EndGlobal
